PODS:
  - Alamofire (4.7.2)
  - ESTabBarController-swift (2.6.2)
  - Kingfisher (4.7.0)
  - Moya (11.0.2):
    - Moya/Core (= 11.0.2)
  - Moya/Core (11.0.2):
    - Alamofire (~> 4.1)
    - Result (~> 3.0)
  - ObjcExceptionBridging (1.0.1):
    - ObjcExceptionBridging/ObjcExceptionBridging (= 1.0.1)
  - ObjcExceptionBridging/ObjcExceptionBridging (1.0.1)
  - Result (3.2.4)
  - RxSwift (4.1.2)
  - SkeletonView (1.1.1)
  - SnapKit (4.0.0)
  - SwiftMessages (4.1.2)
  - Swinject (2.4.0)
  - URLNavigator (2.0.4)
  - XCGLogger (6.0.2):
    - XCGLogger/Core (= 6.0.2)
  - XCGLogger/Core (6.0.2):
    - ObjcExceptionBridging

DEPENDENCIES:
  - Alamofire (= 4.7.2)
  - ESTabBarController-swift (= 2.6.2)
  - Kingfisher (= 4.7.0)
  - Moya (= 11.0.2)
  - RxSwift (= 4.1.2)
  - SkeletonView (= 1.1.1)
  - SnapKit (= 4.0.0)
  - SwiftMessages (= 4.1.2)
  - Swinject (= 2.4.0)
  - URLNavigator (= 2.0.4)
  - XCGLogger (= 6.0.2)

SPEC REPOS:
  https://github.com/CocoaPods/Specs.git:
    - Alamofire
    - ESTabBarController-swift
    - Kingfisher
    - Moya
    - ObjcExceptionBridging
    - Result
    - RxSwift
    - SkeletonView
    - SnapKit
    - SwiftMessages
    - Swinject
    - URLNavigator
    - XCGLogger

SPEC CHECKSUMS:
  Alamofire: e4fa87002c137ba2d8d634d2c51fabcda0d5c223
  ESTabBarController-swift: f0a8679e43df1e60b7b36bbcaf1dc98ba6273c7d
  Kingfisher: da6b005aa96d37698e3e4f1ccfe96a5b9bbf27d6
  Moya: a725035953bc1c0eb1be505ab903984501d82440
  ObjcExceptionBridging: c30e00eb3700467e695faeea30e26e18bd445001
  Result: d2d07204ce72856f1fd9130bbe42c35a7b0fea10
  RxSwift: e49536837d9901277638493ea537394d4b55f570
  SkeletonView: 041053e904504e7d8db83df166e599be75659fe1
  SnapKit: a42d492c16e80209130a3379f73596c3454b7694
  SwiftMessages: d81f48c1f8b6bc1dbebdfffe11226f0344f937ca
  Swinject: a1364b0f66c2736bb03c1c7cab54809e16df25da
  URLNavigator: af5582fbbb3586c958be16835d799bfdb23a4793
  XCGLogger: c9601cae9a8912de34a58666ba931ed3d624dd31

PODFILE CHECKSUM: 5c712f7429f36e2dfeb25a509fc708f9b7a70c12

COCOAPODS: 1.5.0
