// !$*UTF8*$!
{
	archiveVersion = 1;
	classes = {
	};
	objectVersion = 50;
	objects = {

/* Begin PBXBuildFile section */
		65B32B614BE2F733674029C4 /* Pods_YYImproveUITests.framework in Frameworks */ = {isa = PBXBuildFile; fileRef = 95D151AD2E70C33AE8F17AC4 /* Pods_YYImproveUITests.framework */; };
		688F44ADA9B3FD74DE2BF08D /* Pods_YYImprove.framework in Frameworks */ = {isa = PBXBuildFile; fileRef = 88998935BD1683CEC178C6BC /* Pods_YYImprove.framework */; };
		8C462AAC28EB602DA1CE0A02 /* Pods_YYImproveTests.framework in Frameworks */ = {isa = PBXBuildFile; fileRef = FC24B972CD1523A66729A21B /* Pods_YYImproveTests.framework */; };
		F2247A0B20B6CC0E007A88E9 /* RequestPlugin.swift in Sources */ = {isa = PBXBuildFile; fileRef = F2247A0A20B6CC0E007A88E9 /* RequestPlugin.swift */; };
		F2247A1520B6F717007A88E9 /* LoginViewController.swift in Sources */ = {isa = PBXBuildFile; fileRef = F2247A1420B6F717007A88E9 /* LoginViewController.swift */; };
		F2247A1720B6F72A007A88E9 /* RegisteredViewController.swift in Sources */ = {isa = PBXBuildFile; fileRef = F2247A1620B6F72A007A88E9 /* RegisteredViewController.swift */; };
		F2247A2D20B6F91B007A88E9 /* MeViewController.swift in Sources */ = {isa = PBXBuildFile; fileRef = F2247A2C20B6F91B007A88E9 /* MeViewController.swift */; };
		F2247A2F20B6F933007A88E9 /* FoundViewController.swift in Sources */ = {isa = PBXBuildFile; fileRef = F2247A2E20B6F933007A88E9 /* FoundViewController.swift */; };
		F2247A3120B6F947007A88E9 /* ArticleViewController.swift in Sources */ = {isa = PBXBuildFile; fileRef = F2247A3020B6F947007A88E9 /* ArticleViewController.swift */; };
		F2247A3320B6F953007A88E9 /* HomeViewController.swift in Sources */ = {isa = PBXBuildFile; fileRef = F2247A3220B6F953007A88E9 /* HomeViewController.swift */; };
		F226FC5620B438A600A01398 /* ApiManager.swift in Sources */ = {isa = PBXBuildFile; fileRef = F226FC5520B438A600A01398 /* ApiManager.swift */; };
		F227045A20B7F6E6003ABAD8 /* AppDelegate+Reachability.swift in Sources */ = {isa = PBXBuildFile; fileRef = F227045920B7F6E6003ABAD8 /* AppDelegate+Reachability.swift */; };
		F227045D20B8120D003ABAD8 /* SwiftMessageExtensions.swift in Sources */ = {isa = PBXBuildFile; fileRef = F227045C20B8120D003ABAD8 /* SwiftMessageExtensions.swift */; };
		F228792A20AE745900A6B9E0 /* AppDelegate+XCGLogger.swift in Sources */ = {isa = PBXBuildFile; fileRef = F228792920AE745900A6B9E0 /* AppDelegate+XCGLogger.swift */; };
		F228792C20AE821200A6B9E0 /* DefaultsKeys+YYConst.swift in Sources */ = {isa = PBXBuildFile; fileRef = F228792B20AE821200A6B9E0 /* DefaultsKeys+YYConst.swift */; };
		F228792F20AEAFB100A6B9E0 /* Localizable.strings in Resources */ = {isa = PBXBuildFile; fileRef = F228793120AEAFB100A6B9E0 /* Localizable.strings */; };
		F228793E20AEBC8E00A6B9E0 /* InfoPlist.strings in Resources */ = {isa = PBXBuildFile; fileRef = F228794020AEBC8E00A6B9E0 /* InfoPlist.strings */; };
		F228795320AECB5200A6B9E0 /* LaunchScreen.storyboard in Resources */ = {isa = PBXBuildFile; fileRef = F228795120AECB5200A6B9E0 /* LaunchScreen.storyboard */; };
		F228795E20AFF2B900A6B9E0 /* AssetsImages.swift in Sources */ = {isa = PBXBuildFile; fileRef = F228795C20AFF2B900A6B9E0 /* AssetsImages.swift */; };
		F228795F20AFF2B900A6B9E0 /* L10n-Constants.swift in Sources */ = {isa = PBXBuildFile; fileRef = F228795D20AFF2B900A6B9E0 /* L10n-Constants.swift */; };
		F22A099D20935FD000757897 /* YYImproveTests.swift in Sources */ = {isa = PBXBuildFile; fileRef = F22A099C20935FD000757897 /* YYImproveTests.swift */; };
		F22A09A820935FD100757897 /* YYImproveUITests.swift in Sources */ = {isa = PBXBuildFile; fileRef = F22A09A720935FD100757897 /* YYImproveUITests.swift */; };
		F22A0A1C2094982900757897 /* YYConstants.swift in Sources */ = {isa = PBXBuildFile; fileRef = F22A0A1B2094982900757897 /* YYConstants.swift */; };
		F22A0A212094998B00757897 /* AppDelegate.swift in Sources */ = {isa = PBXBuildFile; fileRef = F22A0A202094998B00757897 /* AppDelegate.swift */; };
		F22A0A232094999400757897 /* ViewController.swift in Sources */ = {isa = PBXBuildFile; fileRef = F22A0A222094999300757897 /* ViewController.swift */; };
		F22A0A27209499A800757897 /* Assets.xcassets in Resources */ = {isa = PBXBuildFile; fileRef = F22A0A26209499A800757897 /* Assets.xcassets */; };
		F22A0A3C209585A500757897 /* YYRootTabBarController.swift in Sources */ = {isa = PBXBuildFile; fileRef = F22A0A3B209585A500757897 /* YYRootTabBarController.swift */; };
		F22A0A3E2095873200757897 /* AnimationTabBarView.swift in Sources */ = {isa = PBXBuildFile; fileRef = F22A0A3D2095873200757897 /* AnimationTabBarView.swift */; };
		F22A0A422095A2C100757897 /* YYBaseNavigationController.swift in Sources */ = {isa = PBXBuildFile; fileRef = F22A0A412095A2C100757897 /* YYBaseNavigationController.swift */; };
		F22A0A492097361800757897 /* UIImageExtensions.swift in Sources */ = {isa = PBXBuildFile; fileRef = F22A0A482097361800757897 /* UIImageExtensions.swift */; };
		F23234D420BC1592001055E2 /* NoneReachabilityHelpViewController.swift in Sources */ = {isa = PBXBuildFile; fileRef = F23234D320BC1592001055E2 /* NoneReachabilityHelpViewController.swift */; };
		F2A274FB20B2E91300E69799 /* UIDeviceExtension.swift in Sources */ = {isa = PBXBuildFile; fileRef = F2A274FA20B2E91300E69799 /* UIDeviceExtension.swift */; };
		F2A274FD20B2EAD100E69799 /* YYAPIConfig.swift in Sources */ = {isa = PBXBuildFile; fileRef = F2A274FC20B2EAD100E69799 /* YYAPIConfig.swift */; };
		F2A38BFF20BAB90000A340B7 /* LodingMessageView.xib in Resources */ = {isa = PBXBuildFile; fileRef = F2A38BFE20BAB90000A340B7 /* LodingMessageView.xib */; };
		F2A38C0120BAB93F00A340B7 /* LodingMessageView.swift in Sources */ = {isa = PBXBuildFile; fileRef = F2A38C0020BAB93F00A340B7 /* LodingMessageView.swift */; };
		F2F84E4B20B90FD700B59B4A /* ReachabilityMessageView.swift in Sources */ = {isa = PBXBuildFile; fileRef = F2F84E4A20B90FD700B59B4A /* ReachabilityMessageView.swift */; };
		F2F84E4D20B9103B00B59B4A /* ReachabilityMessageView.xib in Resources */ = {isa = PBXBuildFile; fileRef = F2F84E4C20B9103B00B59B4A /* ReachabilityMessageView.xib */; };
/* End PBXBuildFile section */

/* Begin PBXContainerItemProxy section */
		F22A099920935FD000757897 /* PBXContainerItemProxy */ = {
			isa = PBXContainerItemProxy;
			containerPortal = F22A097C20935FC200757897 /* Project object */;
			proxyType = 1;
			remoteGlobalIDString = F22A098320935FC200757897;
			remoteInfo = YYImprove;
		};
		F22A09A420935FD100757897 /* PBXContainerItemProxy */ = {
			isa = PBXContainerItemProxy;
			containerPortal = F22A097C20935FC200757897 /* Project object */;
			proxyType = 1;
			remoteGlobalIDString = F22A098320935FC200757897;
			remoteInfo = YYImprove;
		};
/* End PBXContainerItemProxy section */

/* Begin PBXFileReference section */
		21157AEF3AB73FBC6ADECCF4 /* Pods-YYImprove.debug.xcconfig */ = {isa = PBXFileReference; includeInIndex = 1; lastKnownFileType = text.xcconfig; name = "Pods-YYImprove.debug.xcconfig"; path = "Pods/Target Support Files/Pods-YYImprove/Pods-YYImprove.debug.xcconfig"; sourceTree = "<group>"; };
		67C2F62602A151639CC49B98 /* Pods-YYImproveUITests.release.xcconfig */ = {isa = PBXFileReference; includeInIndex = 1; lastKnownFileType = text.xcconfig; name = "Pods-YYImproveUITests.release.xcconfig"; path = "Pods/Target Support Files/Pods-YYImproveUITests/Pods-YYImproveUITests.release.xcconfig"; sourceTree = "<group>"; };
		88998935BD1683CEC178C6BC /* Pods_YYImprove.framework */ = {isa = PBXFileReference; explicitFileType = wrapper.framework; includeInIndex = 0; path = Pods_YYImprove.framework; sourceTree = BUILT_PRODUCTS_DIR; };
		89008BED8495946BE8F3B8E5 /* Pods-YYImproveTests.release.xcconfig */ = {isa = PBXFileReference; includeInIndex = 1; lastKnownFileType = text.xcconfig; name = "Pods-YYImproveTests.release.xcconfig"; path = "Pods/Target Support Files/Pods-YYImproveTests/Pods-YYImproveTests.release.xcconfig"; sourceTree = "<group>"; };
		95D151AD2E70C33AE8F17AC4 /* Pods_YYImproveUITests.framework */ = {isa = PBXFileReference; explicitFileType = wrapper.framework; includeInIndex = 0; path = Pods_YYImproveUITests.framework; sourceTree = BUILT_PRODUCTS_DIR; };
		C5D6EFCF8C9BE393A4E4CBDB /* Pods-YYImproveTests.debug.xcconfig */ = {isa = PBXFileReference; includeInIndex = 1; lastKnownFileType = text.xcconfig; name = "Pods-YYImproveTests.debug.xcconfig"; path = "Pods/Target Support Files/Pods-YYImproveTests/Pods-YYImproveTests.debug.xcconfig"; sourceTree = "<group>"; };
		CFD272D4DC5FF14197F31466 /* Pods-YYImprove.release.xcconfig */ = {isa = PBXFileReference; includeInIndex = 1; lastKnownFileType = text.xcconfig; name = "Pods-YYImprove.release.xcconfig"; path = "Pods/Target Support Files/Pods-YYImprove/Pods-YYImprove.release.xcconfig"; sourceTree = "<group>"; };
		E27AA6DD3C26C7D75BC56F11 /* Pods-YYImproveUITests.debug.xcconfig */ = {isa = PBXFileReference; includeInIndex = 1; lastKnownFileType = text.xcconfig; name = "Pods-YYImproveUITests.debug.xcconfig"; path = "Pods/Target Support Files/Pods-YYImproveUITests/Pods-YYImproveUITests.debug.xcconfig"; sourceTree = "<group>"; };
		F2247A0A20B6CC0E007A88E9 /* RequestPlugin.swift */ = {isa = PBXFileReference; lastKnownFileType = sourcecode.swift; path = RequestPlugin.swift; sourceTree = "<group>"; };
		F2247A1420B6F717007A88E9 /* LoginViewController.swift */ = {isa = PBXFileReference; lastKnownFileType = sourcecode.swift; path = LoginViewController.swift; sourceTree = "<group>"; };
		F2247A1620B6F72A007A88E9 /* RegisteredViewController.swift */ = {isa = PBXFileReference; lastKnownFileType = sourcecode.swift; path = RegisteredViewController.swift; sourceTree = "<group>"; };
		F2247A2C20B6F91B007A88E9 /* MeViewController.swift */ = {isa = PBXFileReference; lastKnownFileType = sourcecode.swift; path = MeViewController.swift; sourceTree = "<group>"; };
		F2247A2E20B6F933007A88E9 /* FoundViewController.swift */ = {isa = PBXFileReference; lastKnownFileType = sourcecode.swift; path = FoundViewController.swift; sourceTree = "<group>"; };
		F2247A3020B6F947007A88E9 /* ArticleViewController.swift */ = {isa = PBXFileReference; lastKnownFileType = sourcecode.swift; path = ArticleViewController.swift; sourceTree = "<group>"; };
		F2247A3220B6F953007A88E9 /* HomeViewController.swift */ = {isa = PBXFileReference; lastKnownFileType = sourcecode.swift; path = HomeViewController.swift; sourceTree = "<group>"; };
		F226FC5520B438A600A01398 /* ApiManager.swift */ = {isa = PBXFileReference; fileEncoding = 4; lastKnownFileType = sourcecode.swift; path = ApiManager.swift; sourceTree = "<group>"; };
		F227045920B7F6E6003ABAD8 /* AppDelegate+Reachability.swift */ = {isa = PBXFileReference; lastKnownFileType = sourcecode.swift; path = "AppDelegate+Reachability.swift"; sourceTree = "<group>"; };
		F227045C20B8120D003ABAD8 /* SwiftMessageExtensions.swift */ = {isa = PBXFileReference; lastKnownFileType = sourcecode.swift; path = SwiftMessageExtensions.swift; sourceTree = "<group>"; };
		F228792920AE745900A6B9E0 /* AppDelegate+XCGLogger.swift */ = {isa = PBXFileReference; lastKnownFileType = sourcecode.swift; path = "AppDelegate+XCGLogger.swift"; sourceTree = "<group>"; };
		F228792B20AE821200A6B9E0 /* DefaultsKeys+YYConst.swift */ = {isa = PBXFileReference; lastKnownFileType = sourcecode.swift; path = "DefaultsKeys+YYConst.swift"; sourceTree = "<group>"; };
		F228793B20AEBB4500A6B9E0 /* en */ = {isa = PBXFileReference; lastKnownFileType = text.plist.strings; name = en; path = en.lproj/Localizable.strings; sourceTree = "<group>"; };
		F228793F20AEBC8E00A6B9E0 /* en */ = {isa = PBXFileReference; lastKnownFileType = text.plist.strings; name = en; path = en.lproj/InfoPlist.strings; sourceTree = "<group>"; };
		F228794120AEBC9200A6B9E0 /* zh-Hans */ = {isa = PBXFileReference; lastKnownFileType = text.plist.strings; name = "zh-Hans"; path = "zh-Hans.lproj/InfoPlist.strings"; sourceTree = "<group>"; };
		F228794E20AEC8AB00A6B9E0 /* zh-Hans */ = {isa = PBXFileReference; lastKnownFileType = text.plist.strings; name = "zh-Hans"; path = "zh-Hans.lproj/Localizable.strings"; sourceTree = "<group>"; };
		F228795220AECB5200A6B9E0 /* Base */ = {isa = PBXFileReference; lastKnownFileType = file.storyboard; name = Base; path = Base.lproj/LaunchScreen.storyboard; sourceTree = "<group>"; };
		F228795C20AFF2B900A6B9E0 /* AssetsImages.swift */ = {isa = PBXFileReference; fileEncoding = 4; lastKnownFileType = sourcecode.swift; path = AssetsImages.swift; sourceTree = "<group>"; };
		F228795D20AFF2B900A6B9E0 /* L10n-Constants.swift */ = {isa = PBXFileReference; fileEncoding = 4; lastKnownFileType = sourcecode.swift; path = "L10n-Constants.swift"; sourceTree = "<group>"; };
		F22A098420935FC200757897 /* YYImprove.app */ = {isa = PBXFileReference; explicitFileType = wrapper.application; includeInIndex = 0; path = YYImprove.app; sourceTree = BUILT_PRODUCTS_DIR; };
		F22A099820935FD000757897 /* YYImproveTests.xctest */ = {isa = PBXFileReference; explicitFileType = wrapper.cfbundle; includeInIndex = 0; path = YYImproveTests.xctest; sourceTree = BUILT_PRODUCTS_DIR; };
		F22A099C20935FD000757897 /* YYImproveTests.swift */ = {isa = PBXFileReference; lastKnownFileType = sourcecode.swift; path = YYImproveTests.swift; sourceTree = "<group>"; };
		F22A099E20935FD100757897 /* Info.plist */ = {isa = PBXFileReference; lastKnownFileType = text.plist.xml; path = Info.plist; sourceTree = "<group>"; };
		F22A09A320935FD100757897 /* YYImproveUITests.xctest */ = {isa = PBXFileReference; explicitFileType = wrapper.cfbundle; includeInIndex = 0; path = YYImproveUITests.xctest; sourceTree = BUILT_PRODUCTS_DIR; };
		F22A09A720935FD100757897 /* YYImproveUITests.swift */ = {isa = PBXFileReference; lastKnownFileType = sourcecode.swift; path = YYImproveUITests.swift; sourceTree = "<group>"; };
		F22A09A920935FD100757897 /* Info.plist */ = {isa = PBXFileReference; lastKnownFileType = text.plist.xml; path = Info.plist; sourceTree = "<group>"; };
		F22A0A1B2094982900757897 /* YYConstants.swift */ = {isa = PBXFileReference; lastKnownFileType = sourcecode.swift; path = YYConstants.swift; sourceTree = "<group>"; };
		F22A0A202094998B00757897 /* AppDelegate.swift */ = {isa = PBXFileReference; fileEncoding = 4; lastKnownFileType = sourcecode.swift; path = AppDelegate.swift; sourceTree = "<group>"; };
		F22A0A222094999300757897 /* ViewController.swift */ = {isa = PBXFileReference; fileEncoding = 4; lastKnownFileType = sourcecode.swift; path = ViewController.swift; sourceTree = "<group>"; };
		F22A0A24209499A000757897 /* Info.plist */ = {isa = PBXFileReference; fileEncoding = 4; lastKnownFileType = text.plist.xml; path = Info.plist; sourceTree = "<group>"; };
		F22A0A26209499A800757897 /* Assets.xcassets */ = {isa = PBXFileReference; lastKnownFileType = folder.assetcatalog; path = Assets.xcassets; sourceTree = "<group>"; };
		F22A0A2D209499B200757897 /* YYImprove-Bridging-Header.h */ = {isa = PBXFileReference; fileEncoding = 4; lastKnownFileType = sourcecode.c.h; path = "YYImprove-Bridging-Header.h"; sourceTree = "<group>"; };
		F22A0A3B209585A500757897 /* YYRootTabBarController.swift */ = {isa = PBXFileReference; lastKnownFileType = sourcecode.swift; path = YYRootTabBarController.swift; sourceTree = "<group>"; };
		F22A0A3D2095873200757897 /* AnimationTabBarView.swift */ = {isa = PBXFileReference; lastKnownFileType = sourcecode.swift; path = AnimationTabBarView.swift; sourceTree = "<group>"; };
		F22A0A412095A2C100757897 /* YYBaseNavigationController.swift */ = {isa = PBXFileReference; lastKnownFileType = sourcecode.swift; path = YYBaseNavigationController.swift; sourceTree = "<group>"; };
		F22A0A482097361800757897 /* UIImageExtensions.swift */ = {isa = PBXFileReference; lastKnownFileType = sourcecode.swift; path = UIImageExtensions.swift; sourceTree = "<group>"; };
		F23234D320BC1592001055E2 /* NoneReachabilityHelpViewController.swift */ = {isa = PBXFileReference; lastKnownFileType = sourcecode.swift; path = NoneReachabilityHelpViewController.swift; sourceTree = "<group>"; };
		F2A274FA20B2E91300E69799 /* UIDeviceExtension.swift */ = {isa = PBXFileReference; lastKnownFileType = sourcecode.swift; path = UIDeviceExtension.swift; sourceTree = "<group>"; };
		F2A274FC20B2EAD100E69799 /* YYAPIConfig.swift */ = {isa = PBXFileReference; lastKnownFileType = sourcecode.swift; path = YYAPIConfig.swift; sourceTree = "<group>"; };
		F2A38BFE20BAB90000A340B7 /* LodingMessageView.xib */ = {isa = PBXFileReference; lastKnownFileType = file.xib; path = LodingMessageView.xib; sourceTree = "<group>"; };
		F2A38C0020BAB93F00A340B7 /* LodingMessageView.swift */ = {isa = PBXFileReference; lastKnownFileType = sourcecode.swift; path = LodingMessageView.swift; sourceTree = "<group>"; };
		F2F84E4A20B90FD700B59B4A /* ReachabilityMessageView.swift */ = {isa = PBXFileReference; lastKnownFileType = sourcecode.swift; path = ReachabilityMessageView.swift; sourceTree = "<group>"; };
		F2F84E4C20B9103B00B59B4A /* ReachabilityMessageView.xib */ = {isa = PBXFileReference; lastKnownFileType = file.xib; path = ReachabilityMessageView.xib; sourceTree = "<group>"; };
		FC24B972CD1523A66729A21B /* Pods_YYImproveTests.framework */ = {isa = PBXFileReference; explicitFileType = wrapper.framework; includeInIndex = 0; path = Pods_YYImproveTests.framework; sourceTree = BUILT_PRODUCTS_DIR; };
/* End PBXFileReference section */

/* Begin PBXFrameworksBuildPhase section */
		F22A098120935FC200757897 /* Frameworks */ = {
			isa = PBXFrameworksBuildPhase;
			buildActionMask = 2147483647;
			files = (
				688F44ADA9B3FD74DE2BF08D /* Pods_YYImprove.framework in Frameworks */,
			);
			runOnlyForDeploymentPostprocessing = 0;
		};
		F22A099520935FD000757897 /* Frameworks */ = {
			isa = PBXFrameworksBuildPhase;
			buildActionMask = 2147483647;
			files = (
				8C462AAC28EB602DA1CE0A02 /* Pods_YYImproveTests.framework in Frameworks */,
			);
			runOnlyForDeploymentPostprocessing = 0;
		};
		F22A09A020935FD100757897 /* Frameworks */ = {
			isa = PBXFrameworksBuildPhase;
			buildActionMask = 2147483647;
			files = (
				65B32B614BE2F733674029C4 /* Pods_YYImproveUITests.framework in Frameworks */,
			);
			runOnlyForDeploymentPostprocessing = 0;
		};
/* End PBXFrameworksBuildPhase section */

/* Begin PBXGroup section */
		2913FA3D72D698AAF0941A6F /* Frameworks */ = {
			isa = PBXGroup;
			children = (
				88998935BD1683CEC178C6BC /* Pods_YYImprove.framework */,
				FC24B972CD1523A66729A21B /* Pods_YYImproveTests.framework */,
				95D151AD2E70C33AE8F17AC4 /* Pods_YYImproveUITests.framework */,
			);
			name = Frameworks;
			sourceTree = "<group>";
		};
		8FE43CD93F27D70C8A0235CA /* Pods */ = {
			isa = PBXGroup;
			children = (
				21157AEF3AB73FBC6ADECCF4 /* Pods-YYImprove.debug.xcconfig */,
				CFD272D4DC5FF14197F31466 /* Pods-YYImprove.release.xcconfig */,
				C5D6EFCF8C9BE393A4E4CBDB /* Pods-YYImproveTests.debug.xcconfig */,
				89008BED8495946BE8F3B8E5 /* Pods-YYImproveTests.release.xcconfig */,
				E27AA6DD3C26C7D75BC56F11 /* Pods-YYImproveUITests.debug.xcconfig */,
				67C2F62602A151639CC49B98 /* Pods-YYImproveUITests.release.xcconfig */,
			);
			name = Pods;
			sourceTree = "<group>";
		};
		F2247A0C20B6F5B2007A88E9 /* ViewModels */ = {
			isa = PBXGroup;
			children = (
			);
			path = ViewModels;
			sourceTree = "<group>";
		};
		F2247A0D20B6F5BE007A88E9 /* Views */ = {
			isa = PBXGroup;
			children = (
			);
			path = Views;
			sourceTree = "<group>";
		};
		F2247A0E20B6F5C6007A88E9 /* Models */ = {
			isa = PBXGroup;
			children = (
			);
			path = Models;
			sourceTree = "<group>";
		};
		F2247A0F20B6F65F007A88E9 /* ViewControllers */ = {
			isa = PBXGroup;
			children = (
				F2247A1420B6F717007A88E9 /* LoginViewController.swift */,
				F2247A1620B6F72A007A88E9 /* RegisteredViewController.swift */,
			);
			path = ViewControllers;
			sourceTree = "<group>";
		};
		F2247A1820B6F753007A88E9 /* Home */ = {
			isa = PBXGroup;
			children = (
				F2247A2820B6F8CD007A88E9 /* ViewControllers */,
				F2247A2920B6F8DD007A88E9 /* ViewModels */,
				F2247A2A20B6F8E5007A88E9 /* Views */,
				F2247A2B20B6F8EB007A88E9 /* Models */,
			);
			path = Home;
			sourceTree = "<group>";
		};
		F2247A1920B6F770007A88E9 /* Article */ = {
			isa = PBXGroup;
			children = (
				F2247A2420B6F8A3007A88E9 /* ViewControllers */,
				F2247A2620B6F8BB007A88E9 /* ViewModels */,
				F2247A2520B6F8AE007A88E9 /* Views */,
				F2247A2720B6F8C7007A88E9 /* Models */,
			);
			path = Article;
			sourceTree = "<group>";
		};
		F2247A1A20B6F78A007A88E9 /* Found */ = {
			isa = PBXGroup;
			children = (
				F2247A2020B6F878007A88E9 /* ViewControllers */,
				F2247A2120B6F889007A88E9 /* ViewModels */,
				F2247A2220B6F890007A88E9 /* Views */,
				F2247A2320B6F899007A88E9 /* Models */,
			);
			path = Found;
			sourceTree = "<group>";
		};
		F2247A1B20B6F7A5007A88E9 /* Me */ = {
			isa = PBXGroup;
			children = (
				F2247A1C20B6F82E007A88E9 /* ViewControllers */,
				F2247A1F20B6F84E007A88E9 /* ViewModels */,
				F2247A1E20B6F847007A88E9 /* Views */,
				F2247A1D20B6F83E007A88E9 /* Models */,
			);
			path = Me;
			sourceTree = "<group>";
		};
		F2247A1C20B6F82E007A88E9 /* ViewControllers */ = {
			isa = PBXGroup;
			children = (
				F2247A2C20B6F91B007A88E9 /* MeViewController.swift */,
			);
			path = ViewControllers;
			sourceTree = "<group>";
		};
		F2247A1D20B6F83E007A88E9 /* Models */ = {
			isa = PBXGroup;
			children = (
			);
			path = Models;
			sourceTree = "<group>";
		};
		F2247A1E20B6F847007A88E9 /* Views */ = {
			isa = PBXGroup;
			children = (
			);
			path = Views;
			sourceTree = "<group>";
		};
		F2247A1F20B6F84E007A88E9 /* ViewModels */ = {
			isa = PBXGroup;
			children = (
			);
			path = ViewModels;
			sourceTree = "<group>";
		};
		F2247A2020B6F878007A88E9 /* ViewControllers */ = {
			isa = PBXGroup;
			children = (
				F2247A2E20B6F933007A88E9 /* FoundViewController.swift */,
			);
			path = ViewControllers;
			sourceTree = "<group>";
		};
		F2247A2120B6F889007A88E9 /* ViewModels */ = {
			isa = PBXGroup;
			children = (
			);
			path = ViewModels;
			sourceTree = "<group>";
		};
		F2247A2220B6F890007A88E9 /* Views */ = {
			isa = PBXGroup;
			children = (
			);
			path = Views;
			sourceTree = "<group>";
		};
		F2247A2320B6F899007A88E9 /* Models */ = {
			isa = PBXGroup;
			children = (
			);
			path = Models;
			sourceTree = "<group>";
		};
		F2247A2420B6F8A3007A88E9 /* ViewControllers */ = {
			isa = PBXGroup;
			children = (
				F2247A3020B6F947007A88E9 /* ArticleViewController.swift */,
			);
			path = ViewControllers;
			sourceTree = "<group>";
		};
		F2247A2520B6F8AE007A88E9 /* Views */ = {
			isa = PBXGroup;
			children = (
			);
			path = Views;
			sourceTree = "<group>";
		};
		F2247A2620B6F8BB007A88E9 /* ViewModels */ = {
			isa = PBXGroup;
			children = (
			);
			path = ViewModels;
			sourceTree = "<group>";
		};
		F2247A2720B6F8C7007A88E9 /* Models */ = {
			isa = PBXGroup;
			children = (
			);
			path = Models;
			sourceTree = "<group>";
		};
		F2247A2820B6F8CD007A88E9 /* ViewControllers */ = {
			isa = PBXGroup;
			children = (
				F2247A3220B6F953007A88E9 /* HomeViewController.swift */,
			);
			path = ViewControllers;
			sourceTree = "<group>";
		};
		F2247A2920B6F8DD007A88E9 /* ViewModels */ = {
			isa = PBXGroup;
			children = (
			);
			path = ViewModels;
			sourceTree = "<group>";
		};
		F2247A2A20B6F8E5007A88E9 /* Views */ = {
			isa = PBXGroup;
			children = (
			);
			path = Views;
			sourceTree = "<group>";
		};
		F2247A2B20B6F8EB007A88E9 /* Models */ = {
			isa = PBXGroup;
			children = (
			);
			path = Models;
			sourceTree = "<group>";
		};
		F227045B20B8116D003ABAD8 /* SwiftMessage */ = {
			isa = PBXGroup;
			children = (
				F227045C20B8120D003ABAD8 /* SwiftMessageExtensions.swift */,
				F2F84E4A20B90FD700B59B4A /* ReachabilityMessageView.swift */,
				F2F84E4C20B9103B00B59B4A /* ReachabilityMessageView.xib */,
				F2A38C0020BAB93F00A340B7 /* LodingMessageView.swift */,
				F2A38BFE20BAB90000A340B7 /* LodingMessageView.xib */,
			);
			path = SwiftMessage;
			sourceTree = "<group>";
		};
		F228795B20AFF2B900A6B9E0 /* Generated */ = {
			isa = PBXGroup;
			children = (
				F228795C20AFF2B900A6B9E0 /* AssetsImages.swift */,
				F228795D20AFF2B900A6B9E0 /* L10n-Constants.swift */,
			);
			path = Generated;
			sourceTree = "<group>";
		};
		F22A097B20935FC200757897 = {
			isa = PBXGroup;
			children = (
				F22A098620935FC200757897 /* YYImprove */,
				F22A099B20935FD000757897 /* YYImproveTests */,
				F22A09A620935FD100757897 /* YYImproveUITests */,
				F22A098520935FC200757897 /* Products */,
				8FE43CD93F27D70C8A0235CA /* Pods */,
				2913FA3D72D698AAF0941A6F /* Frameworks */,
			);
			sourceTree = "<group>";
		};
		F22A098520935FC200757897 /* Products */ = {
			isa = PBXGroup;
			children = (
				F22A098420935FC200757897 /* YYImprove.app */,
				F22A099820935FD000757897 /* YYImproveTests.xctest */,
				F22A09A320935FD100757897 /* YYImproveUITests.xctest */,
			);
			name = Products;
			sourceTree = "<group>";
		};
		F22A098620935FC200757897 /* YYImprove */ = {
			isa = PBXGroup;
			children = (
				F22A09BA2094961300757897 /* AppDelegate */,
				F22A09B92094960000757897 /* Main */,
				F22A09BB2094962400757897 /* Expand */,
				F22A09B8209495F000757897 /* Resource */,
				F22A09BD2094964100757897 /* Vender */,
				F22A09BC2094963400757897 /* SDKFile */,
			);
			path = YYImprove;
			sourceTree = "<group>";
		};
		F22A099B20935FD000757897 /* YYImproveTests */ = {
			isa = PBXGroup;
			children = (
				F22A099C20935FD000757897 /* YYImproveTests.swift */,
				F22A099E20935FD100757897 /* Info.plist */,
			);
			path = YYImproveTests;
			sourceTree = "<group>";
		};
		F22A09A620935FD100757897 /* YYImproveUITests */ = {
			isa = PBXGroup;
			children = (
				F22A09A720935FD100757897 /* YYImproveUITests.swift */,
				F22A09A920935FD100757897 /* Info.plist */,
			);
			path = YYImproveUITests;
			sourceTree = "<group>";
		};
		F22A09B8209495F000757897 /* Resource */ = {
			isa = PBXGroup;
			children = (
				F228795B20AFF2B900A6B9E0 /* Generated */,
				F22A0A1D2094985800757897 /* Global */,
				F22A0A1E2094986200757897 /* Image */,
				F22A0A1F2094986500757897 /* Plist */,
			);
			path = Resource;
			sourceTree = "<group>";
		};
		F22A09B92094960000757897 /* Main */ = {
			isa = PBXGroup;
			children = (
				F22A0A132094974D00757897 /* Base */,
				F22A0A152094976300757897 /* Public */,
				F22A0A142094975800757897 /* Login */,
				F2247A1820B6F753007A88E9 /* Home */,
				F2247A1920B6F770007A88E9 /* Article */,
				F2247A1A20B6F78A007A88E9 /* Found */,
				F2247A1B20B6F7A5007A88E9 /* Me */,
				F22A0A222094999300757897 /* ViewController.swift */,
			);
			path = Main;
			sourceTree = "<group>";
		};
		F22A09BA2094961300757897 /* AppDelegate */ = {
			isa = PBXGroup;
			children = (
				F22A0A202094998B00757897 /* AppDelegate.swift */,
				F228792920AE745900A6B9E0 /* AppDelegate+XCGLogger.swift */,
				F227045920B7F6E6003ABAD8 /* AppDelegate+Reachability.swift */,
			);
			path = AppDelegate;
			sourceTree = "<group>";
		};
		F22A09BB2094962400757897 /* Expand */ = {
			isa = PBXGroup;
			children = (
				F22A0A10209496A600757897 /* Const */,
				F22A0A0F2094969500757897 /* Category */,
				F22A0A12209496D700757897 /* Network */,
			);
			path = Expand;
			sourceTree = "<group>";
		};
		F22A09BC2094963400757897 /* SDKFile */ = {
			isa = PBXGroup;
			children = (
			);
			path = SDKFile;
			sourceTree = "<group>";
		};
		F22A09BD2094964100757897 /* Vender */ = {
			isa = PBXGroup;
			children = (
			);
			path = Vender;
			sourceTree = "<group>";
		};
		F22A0A0F2094969500757897 /* Category */ = {
			isa = PBXGroup;
			children = (
				F22A0A16209497B900757897 /* Foundation */,
				F22A0A17209497C300757897 /* UIKit */,
				F22A0A18209497C800757897 /* Other */,
			);
			path = Category;
			sourceTree = "<group>";
		};
		F22A0A10209496A600757897 /* Const */ = {
			isa = PBXGroup;
			children = (
				F22A0A1B2094982900757897 /* YYConstants.swift */,
				F228792B20AE821200A6B9E0 /* DefaultsKeys+YYConst.swift */,
			);
			path = Const;
			sourceTree = "<group>";
		};
		F22A0A12209496D700757897 /* Network */ = {
			isa = PBXGroup;
			children = (
				F2247A0A20B6CC0E007A88E9 /* RequestPlugin.swift */,
				F2A274FC20B2EAD100E69799 /* YYAPIConfig.swift */,
				F226FC5520B438A600A01398 /* ApiManager.swift */,
			);
			path = Network;
			sourceTree = "<group>";
		};
		F22A0A132094974D00757897 /* Base */ = {
			isa = PBXGroup;
			children = (
			);
			path = Base;
			sourceTree = "<group>";
		};
		F22A0A142094975800757897 /* Login */ = {
			isa = PBXGroup;
			children = (
				F2247A0F20B6F65F007A88E9 /* ViewControllers */,
				F2247A0C20B6F5B2007A88E9 /* ViewModels */,
				F2247A0D20B6F5BE007A88E9 /* Views */,
				F2247A0E20B6F5C6007A88E9 /* Models */,
			);
			path = Login;
			sourceTree = "<group>";
		};
		F22A0A152094976300757897 /* Public */ = {
			isa = PBXGroup;
			children = (
				F23234D220BC1500001055E2 /* ViewControllers */,
				F22A0A3B209585A500757897 /* YYRootTabBarController.swift */,
				F22A0A3D2095873200757897 /* AnimationTabBarView.swift */,
				F22A0A412095A2C100757897 /* YYBaseNavigationController.swift */,
			);
			path = Public;
			sourceTree = "<group>";
		};
		F22A0A16209497B900757897 /* Foundation */ = {
			isa = PBXGroup;
			children = (
			);
			path = Foundation;
			sourceTree = "<group>";
		};
		F22A0A17209497C300757897 /* UIKit */ = {
			isa = PBXGroup;
			children = (
				F22A0A482097361800757897 /* UIImageExtensions.swift */,
				F2A274FA20B2E91300E69799 /* UIDeviceExtension.swift */,
			);
			path = UIKit;
			sourceTree = "<group>";
		};
		F22A0A18209497C800757897 /* Other */ = {
			isa = PBXGroup;
			children = (
				F227045B20B8116D003ABAD8 /* SwiftMessage */,
			);
			path = Other;
			sourceTree = "<group>";
		};
		F22A0A1D2094985800757897 /* Global */ = {
			isa = PBXGroup;
			children = (
				F228795120AECB5200A6B9E0 /* LaunchScreen.storyboard */,
				F22A0A2D209499B200757897 /* YYImprove-Bridging-Header.h */,
				F228794020AEBC8E00A6B9E0 /* InfoPlist.strings */,
				F228793120AEAFB100A6B9E0 /* Localizable.strings */,
			);
			path = Global;
			sourceTree = "<group>";
		};
		F22A0A1E2094986200757897 /* Image */ = {
			isa = PBXGroup;
			children = (
				F22A0A26209499A800757897 /* Assets.xcassets */,
			);
			path = Image;
			sourceTree = "<group>";
		};
		F22A0A1F2094986500757897 /* Plist */ = {
			isa = PBXGroup;
			children = (
				F22A0A24209499A000757897 /* Info.plist */,
			);
			path = Plist;
			sourceTree = "<group>";
		};
		F23234D220BC1500001055E2 /* ViewControllers */ = {
			isa = PBXGroup;
			children = (
				F23234D320BC1592001055E2 /* NoneReachabilityHelpViewController.swift */,
			);
			path = ViewControllers;
			sourceTree = "<group>";
		};
/* End PBXGroup section */

/* Begin PBXNativeTarget section */
		F22A098320935FC200757897 /* YYImprove */ = {
			isa = PBXNativeTarget;
			buildConfigurationList = F22A09AC20935FD100757897 /* Build configuration list for PBXNativeTarget "YYImprove" */;
			buildPhases = (
				5FD8121DE1CE1CF0BDFF282F /* [CP] Check Pods Manifest.lock */,
				F22A098020935FC200757897 /* Sources */,
				F22A098120935FC200757897 /* Frameworks */,
				F22A098220935FC200757897 /* Resources */,
				5A6E2DC69E635BC62EFBFD1C /* [CP] Embed Pods Frameworks */,
				F22A0A382094A25C00757897 /* swiftlint */,
				F228795920AFD59000A6B9E0 /* Swiftgen */,
			);
			buildRules = (
			);
			dependencies = (
			);
			name = YYImprove;
			productName = YYImprove;
			productReference = F22A098420935FC200757897 /* YYImprove.app */;
			productType = "com.apple.product-type.application";
		};
		F22A099720935FD000757897 /* YYImproveTests */ = {
			isa = PBXNativeTarget;
			buildConfigurationList = F22A09AF20935FD100757897 /* Build configuration list for PBXNativeTarget "YYImproveTests" */;
			buildPhases = (
				D7F68FA519F94600F693294A /* [CP] Check Pods Manifest.lock */,
				F22A099420935FD000757897 /* Sources */,
				F22A099520935FD000757897 /* Frameworks */,
				F22A099620935FD000757897 /* Resources */,
			);
			buildRules = (
			);
			dependencies = (
				F22A099A20935FD000757897 /* PBXTargetDependency */,
			);
			name = YYImproveTests;
			productName = YYImproveTests;
			productReference = F22A099820935FD000757897 /* YYImproveTests.xctest */;
			productType = "com.apple.product-type.bundle.unit-test";
		};
		F22A09A220935FD100757897 /* YYImproveUITests */ = {
			isa = PBXNativeTarget;
			buildConfigurationList = F22A09B220935FD100757897 /* Build configuration list for PBXNativeTarget "YYImproveUITests" */;
			buildPhases = (
				396D94BFF509E5347484274A /* [CP] Check Pods Manifest.lock */,
				F22A099F20935FD100757897 /* Sources */,
				F22A09A020935FD100757897 /* Frameworks */,
				F22A09A120935FD100757897 /* Resources */,
			);
			buildRules = (
			);
			dependencies = (
				F22A09A520935FD100757897 /* PBXTargetDependency */,
			);
			name = YYImproveUITests;
			productName = YYImproveUITests;
			productReference = F22A09A320935FD100757897 /* YYImproveUITests.xctest */;
			productType = "com.apple.product-type.bundle.ui-testing";
		};
/* End PBXNativeTarget section */

/* Begin PBXProject section */
		F22A097C20935FC200757897 /* Project object */ = {
			isa = PBXProject;
			attributes = {
				LastSwiftUpdateCheck = 0930;
				LastUpgradeCheck = 0930;
				ORGANIZATIONNAME = com.canyou;
				TargetAttributes = {
					F22A098320935FC200757897 = {
						CreatedOnToolsVersion = 9.3;
						LastSwiftMigration = 0930;
					};
					F22A099720935FD000757897 = {
						CreatedOnToolsVersion = 9.3;
						TestTargetID = F22A098320935FC200757897;
					};
					F22A09A220935FD100757897 = {
						CreatedOnToolsVersion = 9.3;
						TestTargetID = F22A098320935FC200757897;
					};
				};
			};
			buildConfigurationList = F22A097F20935FC200757897 /* Build configuration list for PBXProject "YYImprove" */;
			compatibilityVersion = "Xcode 9.3";
			developmentRegion = en;
			hasScannedForEncodings = 0;
			knownRegions = (
				Base,
				"zh-Hans",
				en,
			);
			mainGroup = F22A097B20935FC200757897;
			productRefGroup = F22A098520935FC200757897 /* Products */;
			projectDirPath = "";
			projectRoot = "";
			targets = (
				F22A098320935FC200757897 /* YYImprove */,
				F22A099720935FD000757897 /* YYImproveTests */,
				F22A09A220935FD100757897 /* YYImproveUITests */,
			);
		};
/* End PBXProject section */

/* Begin PBXResourcesBuildPhase section */
		F22A098220935FC200757897 /* Resources */ = {
			isa = PBXResourcesBuildPhase;
			buildActionMask = 2147483647;
			files = (
				F228795320AECB5200A6B9E0 /* LaunchScreen.storyboard in Resources */,
				F228793E20AEBC8E00A6B9E0 /* InfoPlist.strings in Resources */,
				F228792F20AEAFB100A6B9E0 /* Localizable.strings in Resources */,
				F2F84E4D20B9103B00B59B4A /* ReachabilityMessageView.xib in Resources */,
				F22A0A27209499A800757897 /* Assets.xcassets in Resources */,
				F2A38BFF20BAB90000A340B7 /* LodingMessageView.xib in Resources */,
			);
			runOnlyForDeploymentPostprocessing = 0;
		};
		F22A099620935FD000757897 /* Resources */ = {
			isa = PBXResourcesBuildPhase;
			buildActionMask = 2147483647;
			files = (
			);
			runOnlyForDeploymentPostprocessing = 0;
		};
		F22A09A120935FD100757897 /* Resources */ = {
			isa = PBXResourcesBuildPhase;
			buildActionMask = 2147483647;
			files = (
			);
			runOnlyForDeploymentPostprocessing = 0;
		};
/* End PBXResourcesBuildPhase section */

/* Begin PBXShellScriptBuildPhase section */
		396D94BFF509E5347484274A /* [CP] Check Pods Manifest.lock */ = {
			isa = PBXShellScriptBuildPhase;
			buildActionMask = 2147483647;
			files = (
			);
			inputPaths = (
				"${PODS_PODFILE_DIR_PATH}/Podfile.lock",
				"${PODS_ROOT}/Manifest.lock",
			);
			name = "[CP] Check Pods Manifest.lock";
			outputPaths = (
				"$(DERIVED_FILE_DIR)/Pods-YYImproveUITests-checkManifestLockResult.txt",
			);
			runOnlyForDeploymentPostprocessing = 0;
			shellPath = /bin/sh;
			shellScript = "diff \"${PODS_PODFILE_DIR_PATH}/Podfile.lock\" \"${PODS_ROOT}/Manifest.lock\" > /dev/null\nif [ $? != 0 ] ; then\n    # print error to STDERR\n    echo \"error: The sandbox is not in sync with the Podfile.lock. Run 'pod install' or update your CocoaPods installation.\" >&2\n    exit 1\nfi\n# This output is used by Xcode 'outputs' to avoid re-running this script phase.\necho \"SUCCESS\" > \"${SCRIPT_OUTPUT_FILE_0}\"\n";
			showEnvVarsInLog = 0;
		};
		5A6E2DC69E635BC62EFBFD1C /* [CP] Embed Pods Frameworks */ = {
			isa = PBXShellScriptBuildPhase;
			buildActionMask = 12;
			files = (
			);
			inputPaths = (
				"${SRCROOT}/Pods/Target Support Files/Pods-YYImprove/Pods-YYImprove-frameworks.sh",
				"${BUILT_PRODUCTS_DIR}/Alamofire/Alamofire.framework",
				"${BUILT_PRODUCTS_DIR}/ESTabBarController-swift/ESTabBarController_swift.framework",
				"${BUILT_PRODUCTS_DIR}/Hue/Hue.framework",
				"${BUILT_PRODUCTS_DIR}/Kingfisher/Kingfisher.framework",
				"${BUILT_PRODUCTS_DIR}/Moya/Moya.framework",
				"${BUILT_PRODUCTS_DIR}/NVActivityIndicatorView/NVActivityIndicatorView.framework",
				"${BUILT_PRODUCTS_DIR}/ObjcExceptionBridging/ObjcExceptionBridging.framework",
				"${BUILT_PRODUCTS_DIR}/ObjectMapper/ObjectMapper.framework",
				"${BUILT_PRODUCTS_DIR}/ReachabilitySwift/Reachability.framework",
				"${BUILT_PRODUCTS_DIR}/Result/Result.framework",
				"${BUILT_PRODUCTS_DIR}/RxCocoa/RxCocoa.framework",
				"${BUILT_PRODUCTS_DIR}/RxSwift/RxSwift.framework",
				"${BUILT_PRODUCTS_DIR}/SkeletonView/SkeletonView.framework",
				"${BUILT_PRODUCTS_DIR}/SnapKit/SnapKit.framework",
				"${BUILT_PRODUCTS_DIR}/SwiftMessages/SwiftMessages.framework",
				"${BUILT_PRODUCTS_DIR}/SwiftyUserDefaults/SwiftyUserDefaults.framework",
				"${BUILT_PRODUCTS_DIR}/Swinject/Swinject.framework",
				"${BUILT_PRODUCTS_DIR}/Then/Then.framework",
				"${BUILT_PRODUCTS_DIR}/XCGLogger/XCGLogger.framework",
			);
			name = "[CP] Embed Pods Frameworks";
			outputPaths = (
				"${TARGET_BUILD_DIR}/${FRAMEWORKS_FOLDER_PATH}/Alamofire.framework",
				"${TARGET_BUILD_DIR}/${FRAMEWORKS_FOLDER_PATH}/ESTabBarController_swift.framework",
				"${TARGET_BUILD_DIR}/${FRAMEWORKS_FOLDER_PATH}/Hue.framework",
				"${TARGET_BUILD_DIR}/${FRAMEWORKS_FOLDER_PATH}/Kingfisher.framework",
				"${TARGET_BUILD_DIR}/${FRAMEWORKS_FOLDER_PATH}/Moya.framework",
				"${TARGET_BUILD_DIR}/${FRAMEWORKS_FOLDER_PATH}/NVActivityIndicatorView.framework",
				"${TARGET_BUILD_DIR}/${FRAMEWORKS_FOLDER_PATH}/ObjcExceptionBridging.framework",
				"${TARGET_BUILD_DIR}/${FRAMEWORKS_FOLDER_PATH}/ObjectMapper.framework",
				"${TARGET_BUILD_DIR}/${FRAMEWORKS_FOLDER_PATH}/Reachability.framework",
				"${TARGET_BUILD_DIR}/${FRAMEWORKS_FOLDER_PATH}/Result.framework",
				"${TARGET_BUILD_DIR}/${FRAMEWORKS_FOLDER_PATH}/RxCocoa.framework",
				"${TARGET_BUILD_DIR}/${FRAMEWORKS_FOLDER_PATH}/RxSwift.framework",
				"${TARGET_BUILD_DIR}/${FRAMEWORKS_FOLDER_PATH}/SkeletonView.framework",
				"${TARGET_BUILD_DIR}/${FRAMEWORKS_FOLDER_PATH}/SnapKit.framework",
				"${TARGET_BUILD_DIR}/${FRAMEWORKS_FOLDER_PATH}/SwiftMessages.framework",
				"${TARGET_BUILD_DIR}/${FRAMEWORKS_FOLDER_PATH}/SwiftyUserDefaults.framework",
				"${TARGET_BUILD_DIR}/${FRAMEWORKS_FOLDER_PATH}/Swinject.framework",
				"${TARGET_BUILD_DIR}/${FRAMEWORKS_FOLDER_PATH}/Then.framework",
				"${TARGET_BUILD_DIR}/${FRAMEWORKS_FOLDER_PATH}/XCGLogger.framework",
			);
			runOnlyForDeploymentPostprocessing = 0;
			shellPath = /bin/sh;
			shellScript = "\"${SRCROOT}/Pods/Target Support Files/Pods-YYImprove/Pods-YYImprove-frameworks.sh\"\n";
			showEnvVarsInLog = 0;
		};
		5FD8121DE1CE1CF0BDFF282F /* [CP] Check Pods Manifest.lock */ = {
			isa = PBXShellScriptBuildPhase;
			buildActionMask = 2147483647;
			files = (
			);
			inputPaths = (
				"${PODS_PODFILE_DIR_PATH}/Podfile.lock",
				"${PODS_ROOT}/Manifest.lock",
			);
			name = "[CP] Check Pods Manifest.lock";
			outputPaths = (
				"$(DERIVED_FILE_DIR)/Pods-YYImprove-checkManifestLockResult.txt",
			);
			runOnlyForDeploymentPostprocessing = 0;
			shellPath = /bin/sh;
			shellScript = "diff \"${PODS_PODFILE_DIR_PATH}/Podfile.lock\" \"${PODS_ROOT}/Manifest.lock\" > /dev/null\nif [ $? != 0 ] ; then\n    # print error to STDERR\n    echo \"error: The sandbox is not in sync with the Podfile.lock. Run 'pod install' or update your CocoaPods installation.\" >&2\n    exit 1\nfi\n# This output is used by Xcode 'outputs' to avoid re-running this script phase.\necho \"SUCCESS\" > \"${SCRIPT_OUTPUT_FILE_0}\"\n";
			showEnvVarsInLog = 0;
		};
		D7F68FA519F94600F693294A /* [CP] Check Pods Manifest.lock */ = {
			isa = PBXShellScriptBuildPhase;
			buildActionMask = 2147483647;
			files = (
			);
			inputPaths = (
				"${PODS_PODFILE_DIR_PATH}/Podfile.lock",
				"${PODS_ROOT}/Manifest.lock",
			);
			name = "[CP] Check Pods Manifest.lock";
			outputPaths = (
				"$(DERIVED_FILE_DIR)/Pods-YYImproveTests-checkManifestLockResult.txt",
			);
			runOnlyForDeploymentPostprocessing = 0;
			shellPath = /bin/sh;
			shellScript = "diff \"${PODS_PODFILE_DIR_PATH}/Podfile.lock\" \"${PODS_ROOT}/Manifest.lock\" > /dev/null\nif [ $? != 0 ] ; then\n    # print error to STDERR\n    echo \"error: The sandbox is not in sync with the Podfile.lock. Run 'pod install' or update your CocoaPods installation.\" >&2\n    exit 1\nfi\n# This output is used by Xcode 'outputs' to avoid re-running this script phase.\necho \"SUCCESS\" > \"${SCRIPT_OUTPUT_FILE_0}\"\n";
			showEnvVarsInLog = 0;
		};
		F228795920AFD59000A6B9E0 /* Swiftgen */ = {
			isa = PBXShellScriptBuildPhase;
			buildActionMask = 8;
			files = (
			);
			inputPaths = (
			);
			name = Swiftgen;
			outputPaths = (
			);
			runOnlyForDeploymentPostprocessing = 1;
			shellPath = /bin/sh;
			shellScript = "if which \"$PROJECT_DIR\"/swiftgen/bin/swiftgen >/dev/null;\nthen\nset -e\n\"$PROJECT_DIR\"/swiftgen/bin/swiftgen xcassets -t swift4 \"$PROJECT_DIR/YYImprove/Resource/Image/Assets.xcassets\" --output \"$PROJECT_DIR/YYImprove/Resource/Generated/AssetsImages.swift\"\n\"$PROJECT_DIR\"/swiftgen/bin/swiftgen strings -t structured-swift4 \"$PROJECT_DIR/YYImprove/Resource/Global/zh-Hans.lproj/Localizable.strings\" --output \"$PROJECT_DIR/YYImprove/Resource/Generated/L10n-Constants.swift\"\nelse\necho \"##run echo warning: SwiftGen not installed, download it from https://github.com/SwiftGen/SwiftGen\"\nfi";
		};
		F22A0A382094A25C00757897 /* swiftlint */ = {
			isa = PBXShellScriptBuildPhase;
			buildActionMask = 12;
			files = (
			);
			inputPaths = (
			);
			name = swiftlint;
			outputPaths = (
			);
			runOnlyForDeploymentPostprocessing = 0;
			shellPath = /bin/sh;
			shellScript = "if which swiftlint >/dev/null; then\nswiftlint\nelse\necho \"warning: SwiftLint not installed, download from https://github.com/realm/SwiftLint\"\nfi";
		};
/* End PBXShellScriptBuildPhase section */

/* Begin PBXSourcesBuildPhase section */
		F22A098020935FC200757897 /* Sources */ = {
			isa = PBXSourcesBuildPhase;
			buildActionMask = 2147483647;
			files = (
				F2247A2D20B6F91B007A88E9 /* MeViewController.swift in Sources */,
				F2A274FB20B2E91300E69799 /* UIDeviceExtension.swift in Sources */,
				F22A0A232094999400757897 /* ViewController.swift in Sources */,
				F22A0A422095A2C100757897 /* YYBaseNavigationController.swift in Sources */,
				F2247A1720B6F72A007A88E9 /* RegisteredViewController.swift in Sources */,
				F2247A3320B6F953007A88E9 /* HomeViewController.swift in Sources */,
				F2247A2F20B6F933007A88E9 /* FoundViewController.swift in Sources */,
				F227045A20B7F6E6003ABAD8 /* AppDelegate+Reachability.swift in Sources */,
				F22A0A492097361800757897 /* UIImageExtensions.swift in Sources */,
				F2F84E4B20B90FD700B59B4A /* ReachabilityMessageView.swift in Sources */,
				F2A38C0120BAB93F00A340B7 /* LodingMessageView.swift in Sources */,
				F228795F20AFF2B900A6B9E0 /* L10n-Constants.swift in Sources */,
				F22A0A3C209585A500757897 /* YYRootTabBarController.swift in Sources */,
				F2A274FD20B2EAD100E69799 /* YYAPIConfig.swift in Sources */,
				F228795E20AFF2B900A6B9E0 /* AssetsImages.swift in Sources */,
				F22A0A212094998B00757897 /* AppDelegate.swift in Sources */,
				F22A0A1C2094982900757897 /* YYConstants.swift in Sources */,
				F226FC5620B438A600A01398 /* ApiManager.swift in Sources */,
				F228792A20AE745900A6B9E0 /* AppDelegate+XCGLogger.swift in Sources */,
				F2247A1520B6F717007A88E9 /* LoginViewController.swift in Sources */,
				F23234D420BC1592001055E2 /* NoneReachabilityHelpViewController.swift in Sources */,
				F22A0A3E2095873200757897 /* AnimationTabBarView.swift in Sources */,
				F227045D20B8120D003ABAD8 /* SwiftMessageExtensions.swift in Sources */,
				F2247A3120B6F947007A88E9 /* ArticleViewController.swift in Sources */,
				F2247A0B20B6CC0E007A88E9 /* RequestPlugin.swift in Sources */,
				F228792C20AE821200A6B9E0 /* DefaultsKeys+YYConst.swift in Sources */,
			);
			runOnlyForDeploymentPostprocessing = 0;
		};
		F22A099420935FD000757897 /* Sources */ = {
			isa = PBXSourcesBuildPhase;
			buildActionMask = 2147483647;
			files = (
				F22A099D20935FD000757897 /* YYImproveTests.swift in Sources */,
			);
			runOnlyForDeploymentPostprocessing = 0;
		};
		F22A099F20935FD100757897 /* Sources */ = {
			isa = PBXSourcesBuildPhase;
			buildActionMask = 2147483647;
			files = (
				F22A09A820935FD100757897 /* YYImproveUITests.swift in Sources */,
			);
			runOnlyForDeploymentPostprocessing = 0;
		};
/* End PBXSourcesBuildPhase section */

/* Begin PBXTargetDependency section */
		F22A099A20935FD000757897 /* PBXTargetDependency */ = {
			isa = PBXTargetDependency;
			target = F22A098320935FC200757897 /* YYImprove */;
			targetProxy = F22A099920935FD000757897 /* PBXContainerItemProxy */;
		};
		F22A09A520935FD100757897 /* PBXTargetDependency */ = {
			isa = PBXTargetDependency;
			target = F22A098320935FC200757897 /* YYImprove */;
			targetProxy = F22A09A420935FD100757897 /* PBXContainerItemProxy */;
		};
/* End PBXTargetDependency section */

/* Begin PBXVariantGroup section */
		F228793120AEAFB100A6B9E0 /* Localizable.strings */ = {
			isa = PBXVariantGroup;
			children = (
				F228793B20AEBB4500A6B9E0 /* en */,
				F228794E20AEC8AB00A6B9E0 /* zh-Hans */,
			);
			name = Localizable.strings;
			sourceTree = "<group>";
		};
		F228794020AEBC8E00A6B9E0 /* InfoPlist.strings */ = {
			isa = PBXVariantGroup;
			children = (
				F228793F20AEBC8E00A6B9E0 /* en */,
				F228794120AEBC9200A6B9E0 /* zh-Hans */,
			);
			name = InfoPlist.strings;
			sourceTree = "<group>";
		};
		F228795120AECB5200A6B9E0 /* LaunchScreen.storyboard */ = {
			isa = PBXVariantGroup;
			children = (
				F228795220AECB5200A6B9E0 /* Base */,
			);
			name = LaunchScreen.storyboard;
			sourceTree = "<group>";
		};
/* End PBXVariantGroup section */

/* Begin XCBuildConfiguration section */
		F22A09AA20935FD100757897 /* Debug */ = {
			isa = XCBuildConfiguration;
			buildSettings = {
				ALWAYS_SEARCH_USER_PATHS = NO;
				CLANG_ANALYZER_LOCALIZABILITY_NONLOCALIZED = YES;
				CLANG_ANALYZER_NONNULL = YES;
				CLANG_ANALYZER_NUMBER_OBJECT_CONVERSION = YES_AGGRESSIVE;
				CLANG_CXX_LANGUAGE_STANDARD = "gnu++14";
				CLANG_CXX_LIBRARY = "libc++";
				CLANG_ENABLE_MODULES = YES;
				CLANG_ENABLE_OBJC_ARC = YES;
				CLANG_ENABLE_OBJC_WEAK = YES;
				CLANG_WARN_BLOCK_CAPTURE_AUTORELEASING = YES;
				CLANG_WARN_BOOL_CONVERSION = YES;
				CLANG_WARN_COMMA = YES;
				CLANG_WARN_CONSTANT_CONVERSION = YES;
				CLANG_WARN_DEPRECATED_OBJC_IMPLEMENTATIONS = YES;
				CLANG_WARN_DIRECT_OBJC_ISA_USAGE = YES_ERROR;
				CLANG_WARN_DOCUMENTATION_COMMENTS = YES;
				CLANG_WARN_EMPTY_BODY = YES;
				CLANG_WARN_ENUM_CONVERSION = YES;
				CLANG_WARN_INFINITE_RECURSION = YES;
				CLANG_WARN_INT_CONVERSION = YES;
				CLANG_WARN_NON_LITERAL_NULL_CONVERSION = YES;
				CLANG_WARN_OBJC_IMPLICIT_RETAIN_SELF = YES;
				CLANG_WARN_OBJC_LITERAL_CONVERSION = YES;
				CLANG_WARN_OBJC_ROOT_CLASS = YES_ERROR;
				CLANG_WARN_RANGE_LOOP_ANALYSIS = YES;
				CLANG_WARN_STRICT_PROTOTYPES = YES;
				CLANG_WARN_SUSPICIOUS_MOVE = YES;
				CLANG_WARN_UNGUARDED_AVAILABILITY = YES_AGGRESSIVE;
				CLANG_WARN_UNREACHABLE_CODE = YES;
				CLANG_WARN__DUPLICATE_METHOD_MATCH = YES;
				CODE_SIGN_IDENTITY = "iPhone Developer";
				COPY_PHASE_STRIP = NO;
				DEBUG_INFORMATION_FORMAT = dwarf;
				ENABLE_STRICT_OBJC_MSGSEND = YES;
				ENABLE_TESTABILITY = YES;
				GCC_C_LANGUAGE_STANDARD = gnu11;
				GCC_DYNAMIC_NO_PIC = NO;
				GCC_NO_COMMON_BLOCKS = YES;
				GCC_OPTIMIZATION_LEVEL = 0;
				GCC_PREPROCESSOR_DEFINITIONS = (
					"DEBUG=1",
					"$(inherited)",
				);
				GCC_WARN_64_TO_32_BIT_CONVERSION = YES;
				GCC_WARN_ABOUT_RETURN_TYPE = YES_ERROR;
				GCC_WARN_UNDECLARED_SELECTOR = YES;
				GCC_WARN_UNINITIALIZED_AUTOS = YES_AGGRESSIVE;
				GCC_WARN_UNUSED_FUNCTION = YES;
				GCC_WARN_UNUSED_VARIABLE = YES;
				IPHONEOS_DEPLOYMENT_TARGET = 11.3;
				MTL_ENABLE_DEBUG_INFO = YES;
				ONLY_ACTIVE_ARCH = YES;
				SDKROOT = iphoneos;
				SWIFT_ACTIVE_COMPILATION_CONDITIONS = DEBUG;
				SWIFT_OPTIMIZATION_LEVEL = "-Onone";
			};
			name = Debug;
		};
		F22A09AB20935FD100757897 /* Release */ = {
			isa = XCBuildConfiguration;
			buildSettings = {
				ALWAYS_SEARCH_USER_PATHS = NO;
				CLANG_ANALYZER_LOCALIZABILITY_NONLOCALIZED = YES;
				CLANG_ANALYZER_NONNULL = YES;
				CLANG_ANALYZER_NUMBER_OBJECT_CONVERSION = YES_AGGRESSIVE;
				CLANG_CXX_LANGUAGE_STANDARD = "gnu++14";
				CLANG_CXX_LIBRARY = "libc++";
				CLANG_ENABLE_MODULES = YES;
				CLANG_ENABLE_OBJC_ARC = YES;
				CLANG_ENABLE_OBJC_WEAK = YES;
				CLANG_WARN_BLOCK_CAPTURE_AUTORELEASING = YES;
				CLANG_WARN_BOOL_CONVERSION = YES;
				CLANG_WARN_COMMA = YES;
				CLANG_WARN_CONSTANT_CONVERSION = YES;
				CLANG_WARN_DEPRECATED_OBJC_IMPLEMENTATIONS = YES;
				CLANG_WARN_DIRECT_OBJC_ISA_USAGE = YES_ERROR;
				CLANG_WARN_DOCUMENTATION_COMMENTS = YES;
				CLANG_WARN_EMPTY_BODY = YES;
				CLANG_WARN_ENUM_CONVERSION = YES;
				CLANG_WARN_INFINITE_RECURSION = YES;
				CLANG_WARN_INT_CONVERSION = YES;
				CLANG_WARN_NON_LITERAL_NULL_CONVERSION = YES;
				CLANG_WARN_OBJC_IMPLICIT_RETAIN_SELF = YES;
				CLANG_WARN_OBJC_LITERAL_CONVERSION = YES;
				CLANG_WARN_OBJC_ROOT_CLASS = YES_ERROR;
				CLANG_WARN_RANGE_LOOP_ANALYSIS = YES;
				CLANG_WARN_STRICT_PROTOTYPES = YES;
				CLANG_WARN_SUSPICIOUS_MOVE = YES;
				CLANG_WARN_UNGUARDED_AVAILABILITY = YES_AGGRESSIVE;
				CLANG_WARN_UNREACHABLE_CODE = YES;
				CLANG_WARN__DUPLICATE_METHOD_MATCH = YES;
				CODE_SIGN_IDENTITY = "iPhone Developer";
				COPY_PHASE_STRIP = NO;
				DEBUG_INFORMATION_FORMAT = "dwarf-with-dsym";
				ENABLE_NS_ASSERTIONS = NO;
				ENABLE_STRICT_OBJC_MSGSEND = YES;
				GCC_C_LANGUAGE_STANDARD = gnu11;
				GCC_NO_COMMON_BLOCKS = YES;
				GCC_WARN_64_TO_32_BIT_CONVERSION = YES;
				GCC_WARN_ABOUT_RETURN_TYPE = YES_ERROR;
				GCC_WARN_UNDECLARED_SELECTOR = YES;
				GCC_WARN_UNINITIALIZED_AUTOS = YES_AGGRESSIVE;
				GCC_WARN_UNUSED_FUNCTION = YES;
				GCC_WARN_UNUSED_VARIABLE = YES;
				IPHONEOS_DEPLOYMENT_TARGET = 11.3;
				MTL_ENABLE_DEBUG_INFO = NO;
				SDKROOT = iphoneos;
				SWIFT_COMPILATION_MODE = wholemodule;
				SWIFT_OPTIMIZATION_LEVEL = "-O";
				VALIDATE_PRODUCT = YES;
			};
			name = Release;
		};
		F22A09AD20935FD100757897 /* Debug */ = {
			isa = XCBuildConfiguration;
			baseConfigurationReference = 21157AEF3AB73FBC6ADECCF4 /* Pods-YYImprove.debug.xcconfig */;
			buildSettings = {
				ASSETCATALOG_COMPILER_APPICON_NAME = AppIcon;
				CLANG_ENABLE_MODULES = YES;
				CODE_SIGN_STYLE = Automatic;
				DEVELOPMENT_TEAM = P78FA3G2VS;
				GCC_PREFIX_HEADER = "$(SRCROOT)/YYImprove/Resource/Global/YYImprove-Bridging-Header.pch";
				INFOPLIST_FILE = "$(SRCROOT)/YYImprove/Resource/Plist/Info.plist";
				IPHONEOS_DEPLOYMENT_TARGET = 10.0;
				LD_RUNPATH_SEARCH_PATHS = (
					"$(inherited)",
					"@executable_path/Frameworks",
				);
				PRODUCT_BUNDLE_IDENTIFIER = com.canyou.YYImprove;
				PRODUCT_NAME = "$(TARGET_NAME)";
				SWIFT_OBJC_BRIDGING_HEADER = "YYImprove/Resource/Global/YYImprove-Bridging-Header.h";
				SWIFT_OPTIMIZATION_LEVEL = "-Onone";
				SWIFT_VERSION = 4.0;
				TARGETED_DEVICE_FAMILY = 1;
			};
			name = Debug;
		};
		F22A09AE20935FD100757897 /* Release */ = {
			isa = XCBuildConfiguration;
			baseConfigurationReference = CFD272D4DC5FF14197F31466 /* Pods-YYImprove.release.xcconfig */;
			buildSettings = {
				ASSETCATALOG_COMPILER_APPICON_NAME = AppIcon;
				CLANG_ENABLE_MODULES = YES;
				CODE_SIGN_STYLE = Automatic;
				DEVELOPMENT_TEAM = P78FA3G2VS;
				GCC_PREFIX_HEADER = "$(SRCROOT)/YYImprove/Resource/Global/YYImprove-Bridging-Header.pch";
				INFOPLIST_FILE = "$(SRCROOT)/YYImprove/Resource/Plist/Info.plist";
				IPHONEOS_DEPLOYMENT_TARGET = 10.0;
				LD_RUNPATH_SEARCH_PATHS = (
					"$(inherited)",
					"@executable_path/Frameworks",
				);
				PRODUCT_BUNDLE_IDENTIFIER = com.canyou.YYImprove;
				PRODUCT_NAME = "$(TARGET_NAME)";
				SWIFT_OBJC_BRIDGING_HEADER = "YYImprove/Resource/Global/YYImprove-Bridging-Header.h";
				SWIFT_VERSION = 4.0;
				TARGETED_DEVICE_FAMILY = 1;
			};
			name = Release;
		};
		F22A09B020935FD100757897 /* Debug */ = {
			isa = XCBuildConfiguration;
			baseConfigurationReference = C5D6EFCF8C9BE393A4E4CBDB /* Pods-YYImproveTests.debug.xcconfig */;
			buildSettings = {
				ALWAYS_EMBED_SWIFT_STANDARD_LIBRARIES = YES;
				BUNDLE_LOADER = "$(TEST_HOST)";
				CODE_SIGN_STYLE = Automatic;
				DEVELOPMENT_TEAM = P78FA3G2VS;
				INFOPLIST_FILE = YYImproveTests/Info.plist;
				LD_RUNPATH_SEARCH_PATHS = (
					"$(inherited)",
					"@executable_path/Frameworks",
					"@loader_path/Frameworks",
				);
				PRODUCT_BUNDLE_IDENTIFIER = com.canyou.YYImproveTests;
				PRODUCT_NAME = "$(TARGET_NAME)";
				SWIFT_VERSION = 4.0;
				TARGETED_DEVICE_FAMILY = "1,2";
				TEST_HOST = "$(BUILT_PRODUCTS_DIR)/YYImprove.app/YYImprove";
			};
			name = Debug;
		};
		F22A09B120935FD100757897 /* Release */ = {
			isa = XCBuildConfiguration;
			baseConfigurationReference = 89008BED8495946BE8F3B8E5 /* Pods-YYImproveTests.release.xcconfig */;
			buildSettings = {
				ALWAYS_EMBED_SWIFT_STANDARD_LIBRARIES = YES;
				BUNDLE_LOADER = "$(TEST_HOST)";
				CODE_SIGN_STYLE = Automatic;
				DEVELOPMENT_TEAM = P78FA3G2VS;
				INFOPLIST_FILE = YYImproveTests/Info.plist;
				LD_RUNPATH_SEARCH_PATHS = (
					"$(inherited)",
					"@executable_path/Frameworks",
					"@loader_path/Frameworks",
				);
				PRODUCT_BUNDLE_IDENTIFIER = com.canyou.YYImproveTests;
				PRODUCT_NAME = "$(TARGET_NAME)";
				SWIFT_VERSION = 4.0;
				TARGETED_DEVICE_FAMILY = "1,2";
				TEST_HOST = "$(BUILT_PRODUCTS_DIR)/YYImprove.app/YYImprove";
			};
			name = Release;
		};
		F22A09B320935FD100757897 /* Debug */ = {
			isa = XCBuildConfiguration;
			baseConfigurationReference = E27AA6DD3C26C7D75BC56F11 /* Pods-YYImproveUITests.debug.xcconfig */;
			buildSettings = {
				ALWAYS_EMBED_SWIFT_STANDARD_LIBRARIES = YES;
				CODE_SIGN_STYLE = Automatic;
				DEVELOPMENT_TEAM = P78FA3G2VS;
				INFOPLIST_FILE = YYImproveUITests/Info.plist;
				LD_RUNPATH_SEARCH_PATHS = (
					"$(inherited)",
					"@executable_path/Frameworks",
					"@loader_path/Frameworks",
				);
				PRODUCT_BUNDLE_IDENTIFIER = com.canyou.YYImproveUITests;
				PRODUCT_NAME = "$(TARGET_NAME)";
				SWIFT_VERSION = 4.0;
				TARGETED_DEVICE_FAMILY = "1,2";
				TEST_TARGET_NAME = YYImprove;
			};
			name = Debug;
		};
		F22A09B420935FD100757897 /* Release */ = {
			isa = XCBuildConfiguration;
			baseConfigurationReference = 67C2F62602A151639CC49B98 /* Pods-YYImproveUITests.release.xcconfig */;
			buildSettings = {
				ALWAYS_EMBED_SWIFT_STANDARD_LIBRARIES = YES;
				CODE_SIGN_STYLE = Automatic;
				DEVELOPMENT_TEAM = P78FA3G2VS;
				INFOPLIST_FILE = YYImproveUITests/Info.plist;
				LD_RUNPATH_SEARCH_PATHS = (
					"$(inherited)",
					"@executable_path/Frameworks",
					"@loader_path/Frameworks",
				);
				PRODUCT_BUNDLE_IDENTIFIER = com.canyou.YYImproveUITests;
				PRODUCT_NAME = "$(TARGET_NAME)";
				SWIFT_VERSION = 4.0;
				TARGETED_DEVICE_FAMILY = "1,2";
				TEST_TARGET_NAME = YYImprove;
			};
			name = Release;
		};
/* End XCBuildConfiguration section */

/* Begin XCConfigurationList section */
		F22A097F20935FC200757897 /* Build configuration list for PBXProject "YYImprove" */ = {
			isa = XCConfigurationList;
			buildConfigurations = (
				F22A09AA20935FD100757897 /* Debug */,
				F22A09AB20935FD100757897 /* Release */,
			);
			defaultConfigurationIsVisible = 0;
			defaultConfigurationName = Release;
		};
		F22A09AC20935FD100757897 /* Build configuration list for PBXNativeTarget "YYImprove" */ = {
			isa = XCConfigurationList;
			buildConfigurations = (
				F22A09AD20935FD100757897 /* Debug */,
				F22A09AE20935FD100757897 /* Release */,
			);
			defaultConfigurationIsVisible = 0;
			defaultConfigurationName = Release;
		};
		F22A09AF20935FD100757897 /* Build configuration list for PBXNativeTarget "YYImproveTests" */ = {
			isa = XCConfigurationList;
			buildConfigurations = (
				F22A09B020935FD100757897 /* Debug */,
				F22A09B120935FD100757897 /* Release */,
			);
			defaultConfigurationIsVisible = 0;
			defaultConfigurationName = Release;
		};
		F22A09B220935FD100757897 /* Build configuration list for PBXNativeTarget "YYImproveUITests" */ = {
			isa = XCConfigurationList;
			buildConfigurations = (
				F22A09B320935FD100757897 /* Debug */,
				F22A09B420935FD100757897 /* Release */,
			);
			defaultConfigurationIsVisible = 0;
			defaultConfigurationName = Release;
		};
/* End XCConfigurationList section */
	};
	rootObject = F22A097C20935FC200757897 /* Project object */;
}
